<?xml version="1.0" encoding="utf-8"?>
<Project ToolsVersion="4.0" xmlns="http://schemas.microsoft.com/developer/msbuild/2003">
  <ItemGroup>
    <Filter Include="Quellcodedateien">
      <UniqueIdentifier>{e5de4931-9239-46f3-b845-e6074013ce14}</UniqueIdentifier>
      <Extensions>cpp;c;cxx;rc;def;r;odl;idl;hpj;bat</Extensions>
    </Filter>
    <Filter Include="Header-Dateien">
      <UniqueIdentifier>{89337c8f-82f5-44a9-94f5-3375006fc1db}</UniqueIdentifier>
      <Extensions>h;hpp;hxx;hm;inl</Extensions>
    </Filter>
    <Filter Include="Ressourcendateien">
      <UniqueIdentifier>{cb17c020-c983-40ee-936c-45cbb22a4d40}</UniqueIdentifier>
      <Extensions>ico;cur;bmp;dlg;rc2;rct;bin;rgs;gif;jpg;jpeg;jpe</Extensions>
    </Filter>
  </ItemGroup>
  <ItemGroup>
    <ClCompile Include="Account.cpp">
      <Filter>Quellcodedateien</Filter>
    </ClCompile>
    <ClCompile Include="ButtonST.cpp">
      <Filter>Quellcodedateien</Filter>
    </ClCompile>
    <ClCompile Include="Check.cpp">
      <Filter>Quellcodedateien</Filter>
    </ClCompile>
    <ClCompile Include="CheckMail.cpp">
      <Filter>Quellcodedateien</Filter>
    </ClCompile>
    <ClCompile Include="CheckMailDlg.cpp">
      <Filter>Quellcodedateien</Filter>
    </ClCompile>
    <ClCompile Include="Config.cpp">
      <Filter>Quellcodedateien</Filter>
    </ClCompile>
    <ClCompile Include="ConfigDlg.cpp">
      <Filter>Quellcodedateien</Filter>
    </ClCompile>
    <ClCompile Include="HyperLink.cpp">
      <Filter>Quellcodedateien</Filter>
    </ClCompile>
    <ClCompile Include="MailsDlg.cpp">
      <Filter>Quellcodedateien</Filter>
    </ClCompile>
    <ClCompile Include="Pop.cpp">
      <Filter>Quellcodedateien</Filter>
    </ClCompile>
    <ClCompile Include="StdAfx.cpp">
      <Filter>Quellcodedateien</Filter>
    </ClCompile>
    <ClCompile Include="TrayIcon.cpp">
      <Filter>Quellcodedateien</Filter>
    </ClCompile>
  </ItemGroup>
  <ItemGroup>
    <ResourceCompile Include="CheckMail.rc">
      <Filter>Quellcodedateien</Filter>
    </ResourceCompile>
  </ItemGroup>
  <ItemGroup>
    <ClInclude Include="Account.h">
      <Filter>Header-Dateien</Filter>
    </ClInclude>
    <ClInclude Include="ButtonST.h">
      <Filter>Header-Dateien</Filter>
    </ClInclude>
    <ClInclude Include="Check.h">
      <Filter>Header-Dateien</Filter>
    </ClInclude>
    <ClInclude Include="CheckMail.h">
      <Filter>Header-Dateien</Filter>
    </ClInclude>
    <ClInclude Include="CheckMailDlg.h">
      <Filter>Header-Dateien</Filter>
    </ClInclude>
    <ClInclude Include="Config.h">
      <Filter>Header-Dateien</Filter>
    </ClInclude>
    <ClInclude Include="ConfigDlg.h">
      <Filter>Header-Dateien</Filter>
    </ClInclude>
    <ClInclude Include="Hyperlink.h">
      <Filter>Header-Dateien</Filter>
    </ClInclude>
    <ClInclude Include="MailsDlg.h">
      <Filter>Header-Dateien</Filter>
    </ClInclude>
    <ClInclude Include="Pop.h">
      <Filter>Header-Dateien</Filter>
    </ClInclude>
    <ClInclude Include="Resource.h">
      <Filter>Header-Dateien</Filter>
    </ClInclude>
    <ClInclude Include="StdAfx.h">
      <Filter>Header-Dateien</Filter>
    </ClInclude>
    <ClInclude Include="TrayIcon.h">
      <Filter>Header-Dateien</Filter>
    </ClInclude>
  </ItemGroup>
  <ItemGroup>
    <Image Include="res\32x32x16_Explore.ico">
      <Filter>Ressourcendateien</Filter>
    </Image>
    <Image Include="res\check_ma.ico">
      <Filter>Ressourcendateien</Filter>
    </Image>
    <Image Include="res\CheckMail.ico">
      <Filter>Ressourcendateien</Filter>
    </Image>
    <Image Include="res\ico00001.ico">
      <Filter>Ressourcendateien</Filter>
    </Image>
    <Image Include="res\ico00002.ico">
      <Filter>Ressourcendateien</Filter>
    </Image>
    <Image Include="res\icon1.ico">
      <Filter>Ressourcendateien</Filter>
    </Image>
    <Image Include="res\MAIL09.ICO">
      <Filter>Ressourcendateien</Filter>
    </Image>
    <Image Include="res\no_mail1.ico">
      <Filter>Ressourcendateien</Filter>
    </Image>
  </ItemGroup>
  <ItemGroup>
    <Text Include="ReadMe.txt" />
  </ItemGroup>
  <ItemGroup>
    <CustomBuild Include="res\CheckMail.rc2">
      <Filter>Ressourcendateien</Filter>
    </CustomBuild>
  </ItemGroup>
</Project>